
Microsoft Visual Studio Solution File, Format Version 12.00
# Visual Studio Version 16
VisualStudioVersion = 16.0.30907.101
MinimumVisualStudioVersion = 10.0.40219.1
Project("{9A19103F-16F7-4668-BE54-9A1E7A4F7556}") = "PromotionEngineApp", "PromotionEngineApp\PromotionEngineApp.csproj", "{619DB9BB-2EFE-42E0-8ACA-22FCB9DBAE77}"
EndProject
Project("{FAE04EC0-301F-11D3-BF4B-00C04F79EFBC}") = "PromotionEngineAppTest", "PromotionEngineAppTest\PromotionEngineAppTest.csproj", "{EE5BE8BB-A06A-47E2-8DFB-92355B17212A}"
EndProject
Global
	GlobalSection(SolutionConfigurationPlatforms) = preSolution
		Debug|Any CPU = Debug|Any CPU
		Release|Any CPU = Release|Any CPU
	EndGlobalSection
	GlobalSection(ProjectConfigurationPlatforms) = postSolution
		{619DB9BB-2EFE-42E0-8ACA-22FCB9DBAE77}.Debug|Any CPU.ActiveCfg = Debug|Any CPU
		{619DB9BB-2EFE-42E0-8ACA-22FCB9DBAE77}.Debug|Any CPU.Build.0 = Debug|Any CPU
		{619DB9BB-2EFE-42E0-8ACA-22FCB9DBAE77}.Release|Any CPU.ActiveCfg = Release|Any CPU
		{619DB9BB-2EFE-42E0-8ACA-22FCB9DBAE77}.Release|Any CPU.Build.0 = Release|Any CPU
		{EE5BE8BB-A06A-47E2-8DFB-92355B17212A}.Debug|Any CPU.ActiveCfg = Debug|Any CPU
		{EE5BE8BB-A06A-47E2-8DFB-92355B17212A}.Debug|Any CPU.Build.0 = Debug|Any CPU
		{EE5BE8BB-A06A-47E2-8DFB-92355B17212A}.Release|Any CPU.ActiveCfg = Release|Any CPU
		{EE5BE8BB-A06A-47E2-8DFB-92355B17212A}.Release|Any CPU.Build.0 = Release|Any CPU
	EndGlobalSection
	GlobalSection(SolutionProperties) = preSolution
		HideSolutionNode = FALSE
	EndGlobalSection
	GlobalSection(ExtensibilityGlobals) = postSolution
		SolutionGuid = {F5EDF64C-BEFA-49F3-B7A6-538417378FA9}
	EndGlobalSection
EndGlobal
